
Microsoft Visual Studio Solution File, Format Version 12.00
# Visual Studio Version 17
VisualStudioVersion = 17.11.35327.3
MinimumVisualStudioVersion = 10.0.40219.1
Project("{FAE04EC0-301F-11D3-BF4B-00C04F79EFBC}") = "PrimeiroJogo", "PrimeiroJogo\PrimeiroJogo.csproj", "{C5DDC16F-2CFB-4510-8106-27F6F5C9DD66}"
EndProject
Global
	GlobalSection(SolutionConfigurationPlatforms) = preSolution
		Debug|Any CPU = Debug|Any CPU
		Release|Any CPU = Release|Any CPU
	EndGlobalSection
	GlobalSection(ProjectConfigurationPlatforms) = postSolution
		{C5DDC16F-2CFB-4510-8106-27F6F5C9DD66}.Debug|Any CPU.ActiveCfg = Debug|Any CPU
		{C5DDC16F-2CFB-4510-8106-27F6F5C9DD66}.Debug|Any CPU.Build.0 = Debug|Any CPU
		{C5DDC16F-2CFB-4510-8106-27F6F5C9DD66}.Release|Any CPU.ActiveCfg = Release|Any CPU
		{C5DDC16F-2CFB-4510-8106-27F6F5C9DD66}.Release|Any CPU.Build.0 = Release|Any CPU
	EndGlobalSection
	GlobalSection(SolutionProperties) = preSolution
		HideSolutionNode = FALSE
	EndGlobalSection
	GlobalSection(ExtensibilityGlobals) = postSolution
		SolutionGuid = {9FBBD039-2AF9-4E8C-9F78-2CF1DE31333B}
	EndGlobalSection
EndGlobal
